
Microsoft Visual Studio Solution File, Format Version 12.00
# Visual Studio Version 16
VisualStudioVersion = 16.0.30711.63
MinimumVisualStudioVersion = 10.0.40219.1
Project("{FAE04EC0-301F-11D3-BF4B-00C04F79EFBC}") = "API_Clima", "API_Clima\API_Clima.csproj", "{6050741C-8F32-4D3F-B6AE-66F175F2CD56}"
EndProject
Global
	GlobalSection(SolutionConfigurationPlatforms) = preSolution
		Debug|Any CPU = Debug|Any CPU
		Release|Any CPU = Release|Any CPU
	EndGlobalSection
	GlobalSection(ProjectConfigurationPlatforms) = postSolution
		{6050741C-8F32-4D3F-B6AE-66F175F2CD56}.Debug|Any CPU.ActiveCfg = Debug|Any CPU
		{6050741C-8F32-4D3F-B6AE-66F175F2CD56}.Debug|Any CPU.Build.0 = Debug|Any CPU
		{6050741C-8F32-4D3F-B6AE-66F175F2CD56}.Release|Any CPU.ActiveCfg = Release|Any CPU
		{6050741C-8F32-4D3F-B6AE-66F175F2CD56}.Release|Any CPU.Build.0 = Release|Any CPU
	EndGlobalSection
	GlobalSection(SolutionProperties) = preSolution
		HideSolutionNode = FALSE
	EndGlobalSection
	GlobalSection(ExtensibilityGlobals) = postSolution
		SolutionGuid = {007517D7-8109-4CEB-930A-A74BDD6163EB}
	EndGlobalSection
EndGlobal
